{
  "pins" : [
    {

      "identity" : "launchatlogin",
      "kind" : "remoteSourceControl",
      "location" : "https://github.com/sindresorhus/LaunchAtLogin.git",
      "state" : {
        "branch" : "main",
        "revision" : "d811817ce35d74872a1170c851cab243a2b8b559"
      }
    },
    {

      "identity" : "onpasteboardchange",
      "kind" : "remoteSourceControl",
      "location" : "https://github.com/kyle-n/OnPasteboardChange",
      "state" : {
        "branch" : "main",
        "revision" : "56da3a9f6be340698f4516b25dda09cff952214a"
      }
    }
  ],
  "version" : 2
}
