// !$*UTF8*$!
{
	archiveVersion = 1;
	classes = {
	};
	objectVersion = 56;
	objects = {

/* Begin PBXBuildFile section */
		334F29872AAB4DF900EACCB8 /* CDRememberClip.xcdatamodeld in Sources */ = {isa = PBXBuildFile; fileRef = 334F29852AAB4DF800EACCB8 /* CDRememberClip.xcdatamodeld */; };
		334F298B2AAB50B300EACCB8 /* CDClipboardItems.swift in Sources */ = {isa = PBXBuildFile; fileRef = 334F298A2AAB50B300EACCB8 /* CDClipboardItems.swift */; };
		334F298D2AAB50BD00EACCB8 /* CDSavedTexts.swift in Sources */ = {isa = PBXBuildFile; fileRef = 334F298C2AAB50BD00EACCB8 /* CDSavedTexts.swift */; };
		334F298F2AAB567100EACCB8 /* PersistenceController.swift in Sources */ = {isa = PBXBuildFile; fileRef = 334F298E2AAB567100EACCB8 /* PersistenceController.swift */; };
		33B489432A928C560075C7B6 /* RememberClipApp.swift in Sources */ = {isa = PBXBuildFile; fileRef = 33B489422A928C560075C7B6 /* RememberClipApp.swift */; };
		33B489452A928C560075C7B6 /* ContentView.swift in Sources */ = {isa = PBXBuildFile; fileRef = 33B489442A928C560075C7B6 /* ContentView.swift */; };
		33B489472A928C570075C7B6 /* Assets.xcassets in Resources */ = {isa = PBXBuildFile; fileRef = 33B489462A928C570075C7B6 /* Assets.xcassets */; };
		33B4894A2A928C570075C7B6 /* Preview Assets.xcassets in Resources */ = {isa = PBXBuildFile; fileRef = 33B489492A928C570075C7B6 /* Preview Assets.xcassets */; };
		33B489532A928CBB0075C7B6 /* ClipboardView.swift in Sources */ = {isa = PBXBuildFile; fileRef = 33B489522A928CBB0075C7B6 /* ClipboardView.swift */; };
		33B489562A928CD90075C7B6 /* OnPasteboardChange in Frameworks */ = {isa = PBXBuildFile; productRef = 33B489552A928CD90075C7B6 /* OnPasteboardChange */; };
		33B489582A928CF50075C7B6 /* Row.swift in Sources */ = {isa = PBXBuildFile; fileRef = 33B489572A928CF50075C7B6 /* Row.swift */; };
		33B4895A2A928D010075C7B6 /* TextingView.swift in Sources */ = {isa = PBXBuildFile; fileRef = 33B489592A928D010075C7B6 /* TextingView.swift */; };
/* End PBXBuildFile section */

/* Begin PBXFileReference section */
		334F29862AAB4DF800EACCB8 /* CDRememberClip.xcdatamodel */ = {isa = PBXFileReference; lastKnownFileType = wrapper.xcdatamodel; path = CDRememberClip.xcdatamodel; sourceTree = "<group>"; };
		334F298A2AAB50B300EACCB8 /* CDClipboardItems.swift */ = {isa = PBXFileReference; lastKnownFileType = sourcecode.swift; path = CDClipboardItems.swift; sourceTree = "<group>"; };
		334F298C2AAB50BD00EACCB8 /* CDSavedTexts.swift */ = {isa = PBXFileReference; lastKnownFileType = sourcecode.swift; path = CDSavedTexts.swift; sourceTree = "<group>"; };
		334F298E2AAB567100EACCB8 /* PersistenceController.swift */ = {isa = PBXFileReference; lastKnownFileType = sourcecode.swift; path = PersistenceController.swift; sourceTree = "<group>"; };
		33B4893F2A928C560075C7B6 /* RememberClip.app */ = {isa = PBXFileReference; explicitFileType = wrapper.application; includeInIndex = 0; path = RememberClip.app; sourceTree = BUILT_PRODUCTS_DIR; };
		33B489422A928C560075C7B6 /* RememberClipApp.swift */ = {isa = PBXFileReference; lastKnownFileType = sourcecode.swift; path = RememberClipApp.swift; sourceTree = "<group>"; };
		33B489442A928C560075C7B6 /* ContentView.swift */ = {isa = PBXFileReference; lastKnownFileType = sourcecode.swift; path = ContentView.swift; sourceTree = "<group>"; };
		33B489462A928C570075C7B6 /* Assets.xcassets */ = {isa = PBXFileReference; lastKnownFileType = folder.assetcatalog; path = Assets.xcassets; sourceTree = "<group>"; };
		33B489492A928C570075C7B6 /* Preview Assets.xcassets */ = {isa = PBXFileReference; lastKnownFileType = folder.assetcatalog; path = "Preview Assets.xcassets"; sourceTree = "<group>"; };
		33B4894B2A928C570075C7B6 /* RememberClip.entitlements */ = {isa = PBXFileReference; lastKnownFileType = text.plist.entitlements; path = RememberClip.entitlements; sourceTree = "<group>"; };
		33B489522A928CBB0075C7B6 /* ClipboardView.swift */ = {isa = PBXFileReference; fileEncoding = 4; lastKnownFileType = sourcecode.swift; path = ClipboardView.swift; sourceTree = "<group>"; };
		33B489572A928CF50075C7B6 /* Row.swift */ = {isa = PBXFileReference; fileEncoding = 4; lastKnownFileType = sourcecode.swift; path = Row.swift; sourceTree = "<group>"; };
		33B489592A928D010075C7B6 /* TextingView.swift */ = {isa = PBXFileReference; fileEncoding = 4; lastKnownFileType = sourcecode.swift; path = TextingView.swift; sourceTree = "<group>"; };
		33B489642A928F6C0075C7B6 /* Info.plist */ = {isa = PBXFileReference; lastKnownFileType = text.plist; path = Info.plist; sourceTree = "<group>"; };
/* End PBXFileReference section */

/* Begin PBXFrameworksBuildPhase section */
		33B4893C2A928C560075C7B6 /* Frameworks */ = {
			isa = PBXFrameworksBuildPhase;
			buildActionMask = 2147483647;
			files = (
				33B489562A928CD90075C7B6 /* OnPasteboardChange in Frameworks */,
			);
			runOnlyForDeploymentPostprocessing = 0;
		};
/* End PBXFrameworksBuildPhase section */

/* Begin PBXGroup section */
		334F29892AAB509100EACCB8 /* CoreData */ = {
			isa = PBXGroup;
			children = (
				334F298A2AAB50B300EACCB8 /* CDClipboardItems.swift */,
				334F298C2AAB50BD00EACCB8 /* CDSavedTexts.swift */,
				334F298E2AAB567100EACCB8 /* PersistenceController.swift */,
			);
			path = CoreData;
			sourceTree = "<group>";
		};
		33B489362A928C560075C7B6 = {
			isa = PBXGroup;
			children = (
				33B489412A928C560075C7B6 /* RememberClip */,
				33B489402A928C560075C7B6 /* Products */,
			);
			sourceTree = "<group>";
		};
		33B489402A928C560075C7B6 /* Products */ = {
			isa = PBXGroup;
			children = (
				33B4893F2A928C560075C7B6 /* RememberClip.app */,
			);
			name = Products;
			sourceTree = "<group>";
		};
		33B489412A928C560075C7B6 /* RememberClip */ = {
			isa = PBXGroup;
			children = (
				33B489642A928F6C0075C7B6 /* Info.plist */,
				33B489422A928C560075C7B6 /* RememberClipApp.swift */,
				33B4895C2A928D7B0075C7B6 /* Model */,
				33B489512A928C830075C7B6 /* Views */,
				33B4895F2A928DA30075C7B6 /* ViewModel */,
				33B489462A928C570075C7B6 /* Assets.xcassets */,
				33B4894B2A928C570075C7B6 /* RememberClip.entitlements */,
				33B489482A928C570075C7B6 /* Preview Content */,
			);
			path = RememberClip;
			sourceTree = "<group>";
		};
		33B489482A928C570075C7B6 /* Preview Content */ = {
			isa = PBXGroup;
			children = (
				33B489492A928C570075C7B6 /* Preview Assets.xcassets */,
			);
			path = "Preview Content";
			sourceTree = "<group>";
		};
		33B489512A928C830075C7B6 /* Views */ = {
			isa = PBXGroup;
			children = (
				33B489442A928C560075C7B6 /* ContentView.swift */,
				33B489522A928CBB0075C7B6 /* ClipboardView.swift */,
				33B489572A928CF50075C7B6 /* Row.swift */,
				33B489592A928D010075C7B6 /* TextingView.swift */,
			);
			path = Views;
			sourceTree = "<group>";
		};
		33B4895C2A928D7B0075C7B6 /* Model */ = {
			isa = PBXGroup;
			children = (
				334F29852AAB4DF800EACCB8 /* CDRememberClip.xcdatamodeld */,
			);
			path = Model;
			sourceTree = "<group>";
		};
		33B4895F2A928DA30075C7B6 /* ViewModel */ = {
			isa = PBXGroup;
			children = (
				334F29892AAB509100EACCB8 /* CoreData */,
			);
			path = ViewModel;
			sourceTree = "<group>";
		};
/* End PBXGroup section */

/* Begin PBXNativeTarget section */
		33B4893E2A928C560075C7B6 /* RememberClip */ = {
			isa = PBXNativeTarget;
			buildConfigurationList = 33B4894E2A928C570075C7B6 /* Build configuration list for PBXNativeTarget "RememberClip" */;
			buildPhases = (
				33B4893B2A928C560075C7B6 /* Sources */,
				33B4893C2A928C560075C7B6 /* Frameworks */,
				33B4893D2A928C560075C7B6 /* Resources */,
			);
			buildRules = (
			);
			dependencies = (
			);
			name = RememberClip;
			packageProductDependencies = (
				33B489552A928CD90075C7B6 /* OnPasteboardChange */,
			);
			productName = RememberClip;
			productReference = 33B4893F2A928C560075C7B6 /* RememberClip.app */;
			productType = "com.apple.product-type.application";
		};
/* End PBXNativeTarget section */

/* Begin PBXProject section */
		33B489372A928C560075C7B6 /* Project object */ = {
			isa = PBXProject;
			attributes = {
				BuildIndependentTargetsInParallel = 1;
				LastSwiftUpdateCheck = 1500;
				LastUpgradeCheck = 1500;
				TargetAttributes = {
					33B4893E2A928C560075C7B6 = {
						CreatedOnToolsVersion = 15.0;
					};
				};
			};
			buildConfigurationList = 33B4893A2A928C560075C7B6 /* Build configuration list for PBXProject "RememberClip" */;
			compatibilityVersion = "Xcode 14.0";
			developmentRegion = en;
			hasScannedForEncodings = 0;
			knownRegions = (
				en,
				Base,
			);
			mainGroup = 33B489362A928C560075C7B6;
			packageReferences = (
				33B489542A928CD90075C7B6 /* XCRemoteSwiftPackageReference "OnPasteboardChange" */,
			);
			productRefGroup = 33B489402A928C560075C7B6 /* Products */;
			projectDirPath = "";
			projectRoot = "";
			targets = (
				33B4893E2A928C560075C7B6 /* RememberClip */,
			);
		};
/* End PBXProject section */

/* Begin PBXResourcesBuildPhase section */
		33B4893D2A928C560075C7B6 /* Resources */ = {
			isa = PBXResourcesBuildPhase;
			buildActionMask = 2147483647;
			files = (
				33B4894A2A928C570075C7B6 /* Preview Assets.xcassets in Resources */,
				33B489472A928C570075C7B6 /* Assets.xcassets in Resources */,
			);
			runOnlyForDeploymentPostprocessing = 0;
		};
/* End PBXResourcesBuildPhase section */

/* Begin PBXSourcesBuildPhase section */
		33B4893B2A928C560075C7B6 /* Sources */ = {
			isa = PBXSourcesBuildPhase;
			buildActionMask = 2147483647;
			files = (
				334F298B2AAB50B300EACCB8 /* CDClipboardItems.swift in Sources */,
				33B489582A928CF50075C7B6 /* Row.swift in Sources */,
				334F298F2AAB567100EACCB8 /* PersistenceController.swift in Sources */,
				33B489452A928C560075C7B6 /* ContentView.swift in Sources */,
				334F29872AAB4DF900EACCB8 /* CDRememberClip.xcdatamodeld in Sources */,
				33B489432A928C560075C7B6 /* RememberClipApp.swift in Sources */,
				33B4895A2A928D010075C7B6 /* TextingView.swift in Sources */,
				334F298D2AAB50BD00EACCB8 /* CDSavedTexts.swift in Sources */,
				33B489532A928CBB0075C7B6 /* ClipboardView.swift in Sources */,
			);
			runOnlyForDeploymentPostprocessing = 0;
		};
/* End PBXSourcesBuildPhase section */

/* Begin XCBuildConfiguration section */
		33B4894C2A928C570075C7B6 /* Debug */ = {
			isa = XCBuildConfiguration;
			buildSettings = {
				ALWAYS_SEARCH_USER_PATHS = NO;
				ASSETCATALOG_COMPILER_GENERATE_SWIFT_ASSET_SYMBOL_EXTENSIONS = YES;
				CLANG_ANALYZER_NONNULL = YES;
				CLANG_ANALYZER_NUMBER_OBJECT_CONVERSION = YES_AGGRESSIVE;
				CLANG_CXX_LANGUAGE_STANDARD = "gnu++20";
				CLANG_ENABLE_MODULES = YES;
				CLANG_ENABLE_OBJC_ARC = YES;
				CLANG_ENABLE_OBJC_WEAK = YES;
				CLANG_WARN_BLOCK_CAPTURE_AUTORELEASING = YES;
				CLANG_WARN_BOOL_CONVERSION = YES;
				CLANG_WARN_COMMA = YES;
				CLANG_WARN_CONSTANT_CONVERSION = YES;
				CLANG_WARN_DEPRECATED_OBJC_IMPLEMENTATIONS = YES;
				CLANG_WARN_DIRECT_OBJC_ISA_USAGE = YES_ERROR;
				CLANG_WARN_DOCUMENTATION_COMMENTS = YES;
				CLANG_WARN_EMPTY_BODY = YES;
				CLANG_WARN_ENUM_CONVERSION = YES;
				CLANG_WARN_INFINITE_RECURSION = YES;
				CLANG_WARN_INT_CONVERSION = YES;
				CLANG_WARN_NON_LITERAL_NULL_CONVERSION = YES;
				CLANG_WARN_OBJC_IMPLICIT_RETAIN_SELF = YES;
				CLANG_WARN_OBJC_LITERAL_CONVERSION = YES;
				CLANG_WARN_OBJC_ROOT_CLASS = YES_ERROR;
				CLANG_WARN_QUOTED_INCLUDE_IN_FRAMEWORK_HEADER = YES;
				CLANG_WARN_RANGE_LOOP_ANALYSIS = YES;
				CLANG_WARN_STRICT_PROTOTYPES = YES;
				CLANG_WARN_SUSPICIOUS_MOVE = YES;
				CLANG_WARN_UNGUARDED_AVAILABILITY = YES_AGGRESSIVE;
				CLANG_WARN_UNREACHABLE_CODE = YES;
				CLANG_WARN__DUPLICATE_METHOD_MATCH = YES;
				COPY_PHASE_STRIP = NO;
				DEBUG_INFORMATION_FORMAT = dwarf;
				ENABLE_STRICT_OBJC_MSGSEND = YES;
				ENABLE_TESTABILITY = YES;
				ENABLE_USER_SCRIPT_SANDBOXING = YES;
				GCC_C_LANGUAGE_STANDARD = gnu17;
				GCC_DYNAMIC_NO_PIC = NO;
				GCC_NO_COMMON_BLOCKS = YES;
				GCC_OPTIMIZATION_LEVEL = 0;
				GCC_PREPROCESSOR_DEFINITIONS = (
					"DEBUG=1",
					"$(inherited)",
				);
				GCC_WARN_64_TO_32_BIT_CONVERSION = YES;
				GCC_WARN_ABOUT_RETURN_TYPE = YES_ERROR;
				GCC_WARN_UNDECLARED_SELECTOR = YES;
				GCC_WARN_UNINITIALIZED_AUTOS = YES_AGGRESSIVE;
				GCC_WARN_UNUSED_FUNCTION = YES;
				GCC_WARN_UNUSED_VARIABLE = YES;
				LOCALIZATION_PREFERS_STRING_CATALOGS = YES;
				MACOSX_DEPLOYMENT_TARGET = 14.0;
				MTL_ENABLE_DEBUG_INFO = INCLUDE_SOURCE;
				MTL_FAST_MATH = YES;
				ONLY_ACTIVE_ARCH = YES;
				SDKROOT = macosx;
				SWIFT_ACTIVE_COMPILATION_CONDITIONS = "DEBUG $(inherited)";
				SWIFT_OPTIMIZATION_LEVEL = "-Onone";
			};
			name = Debug;
		};
		33B4894D2A928C570075C7B6 /* Release */ = {
			isa = XCBuildConfiguration;
			buildSettings = {
				ALWAYS_SEARCH_USER_PATHS = NO;
				ASSETCATALOG_COMPILER_GENERATE_SWIFT_ASSET_SYMBOL_EXTENSIONS = YES;
				CLANG_ANALYZER_NONNULL = YES;
				CLANG_ANALYZER_NUMBER_OBJECT_CONVERSION = YES_AGGRESSIVE;
				CLANG_CXX_LANGUAGE_STANDARD = "gnu++20";
				CLANG_ENABLE_MODULES = YES;
				CLANG_ENABLE_OBJC_ARC = YES;
				CLANG_ENABLE_OBJC_WEAK = YES;
				CLANG_WARN_BLOCK_CAPTURE_AUTORELEASING = YES;
				CLANG_WARN_BOOL_CONVERSION = YES;
				CLANG_WARN_COMMA = YES;
				CLANG_WARN_CONSTANT_CONVERSION = YES;
				CLANG_WARN_DEPRECATED_OBJC_IMPLEMENTATIONS = YES;
				CLANG_WARN_DIRECT_OBJC_ISA_USAGE = YES_ERROR;
				CLANG_WARN_DOCUMENTATION_COMMENTS = YES;
				CLANG_WARN_EMPTY_BODY = YES;
				CLANG_WARN_ENUM_CONVERSION = YES;
				CLANG_WARN_INFINITE_RECURSION = YES;
				CLANG_WARN_INT_CONVERSION = YES;
				CLANG_WARN_NON_LITERAL_NULL_CONVERSION = YES;
				CLANG_WARN_OBJC_IMPLICIT_RETAIN_SELF = YES;
				CLANG_WARN_OBJC_LITERAL_CONVERSION = YES;
				CLANG_WARN_OBJC_ROOT_CLASS = YES_ERROR;
				CLANG_WARN_QUOTED_INCLUDE_IN_FRAMEWORK_HEADER = YES;
				CLANG_WARN_RANGE_LOOP_ANALYSIS = YES;
				CLANG_WARN_STRICT_PROTOTYPES = YES;
				CLANG_WARN_SUSPICIOUS_MOVE = YES;
				CLANG_WARN_UNGUARDED_AVAILABILITY = YES_AGGRESSIVE;
				CLANG_WARN_UNREACHABLE_CODE = YES;
				CLANG_WARN__DUPLICATE_METHOD_MATCH = YES;
				COPY_PHASE_STRIP = NO;
				DEBUG_INFORMATION_FORMAT = "dwarf-with-dsym";
				ENABLE_NS_ASSERTIONS = NO;
				ENABLE_STRICT_OBJC_MSGSEND = YES;
				ENABLE_USER_SCRIPT_SANDBOXING = YES;
				GCC_C_LANGUAGE_STANDARD = gnu17;
				GCC_NO_COMMON_BLOCKS = YES;
				GCC_WARN_64_TO_32_BIT_CONVERSION = YES;
				GCC_WARN_ABOUT_RETURN_TYPE = YES_ERROR;
				GCC_WARN_UNDECLARED_SELECTOR = YES;
				GCC_WARN_UNINITIALIZED_AUTOS = YES_AGGRESSIVE;
				GCC_WARN_UNUSED_FUNCTION = YES;
				GCC_WARN_UNUSED_VARIABLE = YES;
				LOCALIZATION_PREFERS_STRING_CATALOGS = YES;
				MACOSX_DEPLOYMENT_TARGET = 14.0;
				MTL_ENABLE_DEBUG_INFO = NO;
				MTL_FAST_MATH = YES;
				SDKROOT = macosx;
				SWIFT_COMPILATION_MODE = wholemodule;
			};
			name = Release;
		};
		33B4894F2A928C570075C7B6 /* Debug */ = {
			isa = XCBuildConfiguration;
			buildSettings = {
				ASSETCATALOG_COMPILER_APPICON_NAME = AppIcon;
				ASSETCATALOG_COMPILER_GLOBAL_ACCENT_COLOR_NAME = AccentColor;
				CODE_SIGN_ENTITLEMENTS = RememberClip/RememberClip.entitlements;
				CODE_SIGN_STYLE = Automatic;
				COMBINE_HIDPI_IMAGES = YES;
				CURRENT_PROJECT_VERSION = 1;
				DEVELOPMENT_ASSET_PATHS = "\"RememberClip/Preview Content\"";
				DEVELOPMENT_TEAM = 2TW7VKY4VF;
				ENABLE_HARDENED_RUNTIME = YES;
				ENABLE_PREVIEWS = YES;
				GENERATE_INFOPLIST_FILE = YES;
				INFOPLIST_FILE = RememberClip/Info.plist;
				INFOPLIST_KEY_LSUIElement = YES;
				INFOPLIST_KEY_NSHumanReadableCopyright = "";
				LD_RUNPATH_SEARCH_PATHS = (
					"$(inherited)",
					"@executable_path/../Frameworks",
				);
				MARKETING_VERSION = 1.0;
				PRODUCT_BUNDLE_IDENTIFIER = com.dishant.RememberClip;
				PRODUCT_NAME = "$(TARGET_NAME)";
				SWIFT_EMIT_LOC_STRINGS = YES;
				SWIFT_VERSION = 5.0;
			};
			name = Debug;
		};
		33B489502A928C570075C7B6 /* Release */ = {
			isa = XCBuildConfiguration;
			buildSettings = {
				ASSETCATALOG_COMPILER_APPICON_NAME = AppIcon;
				ASSETCATALOG_COMPILER_GLOBAL_ACCENT_COLOR_NAME = AccentColor;
				CODE_SIGN_ENTITLEMENTS = RememberClip/RememberClip.entitlements;
				CODE_SIGN_STYLE = Automatic;
				COMBINE_HIDPI_IMAGES = YES;
				CURRENT_PROJECT_VERSION = 1;
				DEVELOPMENT_ASSET_PATHS = "\"RememberClip/Preview Content\"";
				DEVELOPMENT_TEAM = 2TW7VKY4VF;
				ENABLE_HARDENED_RUNTIME = YES;
				ENABLE_PREVIEWS = YES;
				GENERATE_INFOPLIST_FILE = YES;
				INFOPLIST_FILE = RememberClip/Info.plist;
				INFOPLIST_KEY_LSUIElement = YES;
				INFOPLIST_KEY_NSHumanReadableCopyright = "";
				LD_RUNPATH_SEARCH_PATHS = (
					"$(inherited)",
					"@executable_path/../Frameworks",
				);
				MARKETING_VERSION = 1.0;
				PRODUCT_BUNDLE_IDENTIFIER = com.dishant.RememberClip;
				PRODUCT_NAME = "$(TARGET_NAME)";
				SWIFT_EMIT_LOC_STRINGS = YES;
				SWIFT_VERSION = 5.0;
			};
			name = Release;
		};
/* End XCBuildConfiguration section */

/* Begin XCConfigurationList section */
		33B4893A2A928C560075C7B6 /* Build configuration list for PBXProject "RememberClip" */ = {
			isa = XCConfigurationList;
			buildConfigurations = (
				33B4894C2A928C570075C7B6 /* Debug */,
				33B4894D2A928C570075C7B6 /* Release */,
			);
			defaultConfigurationIsVisible = 0;
			defaultConfigurationName = Release;
		};
		33B4894E2A928C570075C7B6 /* Build configuration list for PBXNativeTarget "RememberClip" */ = {
			isa = XCConfigurationList;
			buildConfigurations = (
				33B4894F2A928C570075C7B6 /* Debug */,
				33B489502A928C570075C7B6 /* Release */,
			);
			defaultConfigurationIsVisible = 0;
			defaultConfigurationName = Release;
		};
/* End XCConfigurationList section */

/* Begin XCRemoteSwiftPackageReference section */
		33B489542A928CD90075C7B6 /* XCRemoteSwiftPackageReference "OnPasteboardChange" */ = {
			isa = XCRemoteSwiftPackageReference;
			repositoryURL = "https://github.com/kyle-n/OnPasteboardChange";
			requirement = {
				branch = main;
				kind = branch;
			};
		};
/* End XCRemoteSwiftPackageReference section */

/* Begin XCSwiftPackageProductDependency section */
		33B489552A928CD90075C7B6 /* OnPasteboardChange */ = {
			isa = XCSwiftPackageProductDependency;
			package = 33B489542A928CD90075C7B6 /* XCRemoteSwiftPackageReference "OnPasteboardChange" */;
			productName = OnPasteboardChange;
		};
/* End XCSwiftPackageProductDependency section */

/* Begin XCVersionGroup section */
		334F29852AAB4DF800EACCB8 /* CDRememberClip.xcdatamodeld */ = {
			isa = XCVersionGroup;
			children = (
				334F29862AAB4DF800EACCB8 /* CDRememberClip.xcdatamodel */,
			);
			currentVersion = 334F29862AAB4DF800EACCB8 /* CDRememberClip.xcdatamodel */;
			path = CDRememberClip.xcdatamodeld;
			sourceTree = "<group>";
			versionGroupType = wrapper.xcdatamodel;
		};
/* End XCVersionGroup section */
	};
	rootObject = 33B489372A928C560075C7B6 /* Project object */;
}
